dependencies:
  lodash-es: 4.17.20
  webext-dynamic-content-scripts: 7.1.0
  zippack: 0.1.0
devDependencies:
  esbuild: 0.8.44
  web-ext-types: 3.2.1
lockfileVersion: 5.2
packages:
  /@types/chrome/0.0.128:
    dependencies:
      '@types/filesystem': 0.0.29
      '@types/har-format': 1.2.5
    dev: false
    resolution:
      integrity: sha512-eGc599TDtersMBW1cSnExHm0IHrXrO5xdk6Sa2Dq30ED+hR1rpT1ez0NNcCgvGO52nmktGfyvd3Uyquzv3LL4g==
  /@types/filesystem/0.0.29:
    dependencies:
      '@types/filewriter': 0.0.28
    dev: false
    resolution:
      integrity: sha512-85/1KfRedmfPGsbK8YzeaQUyV1FQAvMPMTuWFQ5EkLd2w7szhNO96bk3Rh/SKmOfd9co2rCLf0Voy4o7ECBOvw==
  /@types/filewriter/0.0.28:
    dev: false
    resolution:
      integrity: sha1-wFTor02d11205jq8dviFFocU1LM=
  /@types/firefox-webext-browser/82.0.0:
    dev: false
    resolution:
      integrity: sha512-zKHePkjMx42KIUUZCPcUiyu1tpfQXH9VR4iDYfns3HvmKVJzt/TAFT+DFVroos8BI9RH78YgF3Hi/wlC6R6cKA==
  /@types/har-format/1.2.5:
    dev: false
    resolution:
      integrity: sha512-IG8AE1m2pWtPqQ7wXhFhy6Q59bwwnLwO36v5Rit2FrbXCIp8Sk8E2PfUCreyrdo17STwFSKDAkitVuVYbpEHvQ==
  /archiver-utils/2.1.0:
    dependencies:
      glob: 7.1.6
      graceful-fs: 4.2.6
      lazystream: 1.0.0
      lodash.defaults: 4.2.0
      lodash.difference: 4.5.0
      lodash.flatten: 4.4.0
      lodash.isplainobject: 4.0.6
      lodash.union: 4.6.0
      normalize-path: 3.0.0
      readable-stream: 2.3.7
    dev: false
    engines:
      node: '>= 6'
    resolution:
      integrity: sha512-bEL/yUb/fNNiNTuUz979Z0Yg5L+LzLxGJz8x79lYmR54fmTIb6ob/hNQgkQnIUDWIFjZVQwl9Xs356I6BAMHfw==
  /archiver/3.1.1:
    dependencies:
      archiver-utils: 2.1.0
      async: 2.6.3
      buffer-crc32: 0.2.13
      glob: 7.1.6
      readable-stream: 3.6.0
      tar-stream: 2.2.0
      zip-stream: 2.1.3
    dev: false
    engines:
      node: '>= 6'
    resolution:
      integrity: sha512-5Hxxcig7gw5Jod/8Gq0OneVgLYET+oNHcxgWItq4TbhOzRLKNAFUb9edAftiMKXvXfCB0vbGrJdZDNq0dWMsxg==
  /async/2.6.3:
    dependencies:
      lodash: 4.17.20
    dev: false
    resolution:
      integrity: sha512-zflvls11DCy+dQWzTW2dzuilv8Z5X/pjfmZOWba6TNIVDm+2UDaJmXSOXlasHKfNBs8oo3M0aT50fDEWfKZjXg==
  /balanced-match/1.0.0:
    dev: false
    resolution:
      integrity: sha1-ibTRmasr7kneFk6gK4nORi1xt2c=
  /base64-js/1.5.1:
    dev: false
    resolution:
      integrity: sha512-AKpaYlHn8t4SVbOHCy+b5+KKgvR4vrsD8vbvrbiQJps7fKDTkjkDry6ji0rUJjC0kzbNePLwzxq8iypo41qeWA==
  /bl/4.1.0:
    dependencies:
      buffer: 5.7.1
      inherits: 2.0.4
      readable-stream: 3.6.0
    dev: false
    resolution:
      integrity: sha512-1W07cM9gS6DcLperZfFSj+bWLtaPGSOHWhPiGzXmvVJbRLdG82sH/Kn8EtW1VqWVA54AKf2h5k5BbnIbwF3h6w==
  /brace-expansion/1.1.11:
    dependencies:
      balanced-match: 1.0.0
      concat-map: 0.0.1
    dev: false
    resolution:
      integrity: sha512-iCuPHDFgrHX7H2vEI/5xpz07zSHB00TpugqhmYtVmMO6518mCuRMoOYFldEBl0g187ufozdaHgWKcYFb61qGiA==
  /buffer-crc32/0.2.13:
    dev: false
    resolution:
      integrity: sha1-DTM+PwDqxQqhRUq9MO+MKl2ackI=
  /buffer/5.7.1:
    dependencies:
      base64-js: 1.5.1
      ieee754: 1.2.1
    dev: false
    resolution:
      integrity: sha512-EHcyIPBQ4BSGlvjB16k5KgAJ27CIsHY/2JBmCRReo48y9rQ3MaUzWX3KVlBa4U7MyX02HdVj0K7C3WaB3ju7FQ==
  /compress-commons/2.1.1:
    dependencies:
      buffer-crc32: 0.2.13
      crc32-stream: 3.0.1
      normalize-path: 3.0.0
      readable-stream: 2.3.7
    dev: false
    engines:
      node: '>= 6'
    resolution:
      integrity: sha512-eVw6n7CnEMFzc3duyFVrQEuY1BlHR3rYsSztyG32ibGMW722i3C6IizEGMFmfMU+A+fALvBIwxN3czffTcdA+Q==
  /concat-map/0.0.1:
    dev: false
    resolution:
      integrity: sha1-2Klr13/Wjfd5OnMDajug1UBdR3s=
  /content-scripts-register-polyfill/2.1.0:
    dependencies:
      '@types/firefox-webext-browser': 82.0.0
      webext-patterns: 1.0.0
      webext-polyfill-kinda: 0.0.2
    dev: false
    resolution:
      integrity: sha512-eEaBuN3eV9YwQ3pvrt61E+VimWOMvfwVri8Z0X+Dk9t5AkuLqTBQjAd649pfP4Rmy1xZy+SHtGAFXGxLeB2Ceg==
  /core-util-is/1.0.2:
    dev: false
    resolution:
      integrity: sha1-tf1UIgqivFq1eqtxQMlAdUUDwac=
  /crc/3.8.0:
    dependencies:
      buffer: 5.7.1
    dev: false
    resolution:
      integrity: sha512-iX3mfgcTMIq3ZKLIsVFAbv7+Mc10kxabAGQb8HvjA1o3T1PIYprbakQ65d3I+2HGHt6nSKkM9PYjgoJO2KcFBQ==
  /crc32-stream/3.0.1:
    dependencies:
      crc: 3.8.0
      readable-stream: 3.6.0
    dev: false
    engines:
      node: '>= 6.9.0'
    resolution:
      integrity: sha512-mctvpXlbzsvK+6z8kJwSJ5crm7yBwrQMTybJzMw1O4lLGJqjlDCXY2Zw7KheiA6XBEcBmfLx1D88mjRGVJtY9w==
  /end-of-stream/1.4.4:
    dependencies:
      once: 1.4.0
    dev: false
    resolution:
      integrity: sha512-+uw1inIHVPQoaVuHzRyXd21icM+cnt4CzD5rW+NC1wjOUSTOs+Te7FOv7AhN7vS9x/oIyhLP5PR1H+phQAHu5Q==
  /esbuild/0.8.44:
    dev: true
    hasBin: true
    requiresBuild: true
    resolution:
      integrity: sha512-m9yyBZMgWuAB7e7tA2g9L4PovoLa5Xb73+Yg9uBBR2w3Fe4P9/nxqj/HLrw1k/rjdjF1eX1kNJRytboqOtRCCQ==
  /fs-constants/1.0.0:
    dev: false
    resolution:
      integrity: sha512-y6OAwoSIf7FyjMIv94u+b5rdheZEjzR63GTyZJm5qh4Bi+2YgwLCcI/fPFZkL5PSixOt6ZNKm+w+Hfp/Bciwow==
  /fs.realpath/1.0.0:
    dev: false
    resolution:
      integrity: sha1-FQStJSMVjKpA20onh8sBQRmU6k8=
  /glob/7.1.6:
    dependencies:
      fs.realpath: 1.0.0
      inflight: 1.0.6
      inherits: 2.0.4
      minimatch: 3.0.4
      once: 1.4.0
      path-is-absolute: 1.0.1
    dev: false
    resolution:
      integrity: sha512-LwaxwyZ72Lk7vZINtNNrywX0ZuLyStrdDtabefZKAY5ZGJhVtgdznluResxNmPitE0SAO+O26sWTHeKSI2wMBA==
  /graceful-fs/4.2.6:
    dev: false
    resolution:
      integrity: sha512-nTnJ528pbqxYanhpDYsi4Rd8MAeaBA67+RZ10CM1m3bTAVFEDcd5AuA4a6W5YkGZ1iNXHzZz8T6TBKLeBuNriQ==
  /ieee754/1.2.1:
    dev: false
    resolution:
      integrity: sha512-dcyqhDvX1C46lXZcVqCpK+FtMRQVdIMN6/Df5js2zouUsqG7I6sFxitIC+7KYK29KdXOLHdu9zL4sFnoVQnqaA==
  /inflight/1.0.6:
    dependencies:
      once: 1.4.0
      wrappy: 1.0.2
    dev: false
    resolution:
      integrity: sha1-Sb1jMdfQLQwJvJEKEHW6gWW1bfk=
  /inherits/2.0.4:
    dev: false
    resolution:
      integrity: sha512-k/vGaX4/Yla3WzyMCvTQOXYeIHvqOKtnqBduzTHpzpQZzAskKMhZ2K+EnBiSM9zGSoIFeMpXKxa4dYeZIQqewQ==
  /isarray/1.0.0:
    dev: false
    resolution:
      integrity: sha1-u5NdSFgsuhaMBoNJV6VKPgcSTxE=
  /lazystream/1.0.0:
    dependencies:
      readable-stream: 2.3.7
    dev: false
    engines:
      node: '>= 0.6.3'
    resolution:
      integrity: sha1-9plf4PggOS9hOWvolGJAe7dxaOQ=
  /lodash-es/4.17.20:
    dev: false
    resolution:
      integrity: sha512-JD1COMZsq8maT6mnuz1UMV0jvYD0E0aUsSOdrr1/nAG3dhqQXwRRgeW0cSqH1U43INKcqxaiVIQNOUDld7gRDA==
  /lodash.defaults/4.2.0:
    dev: false
    resolution:
      integrity: sha1-0JF4cW/+pN3p5ft7N/bwgCJ0WAw=
  /lodash.difference/4.5.0:
    dev: false
    resolution:
      integrity: sha1-nMtOUF1Ia5FlE0V3KIWi3yf9AXw=
  /lodash.flatten/4.4.0:
    dev: false
    resolution:
      integrity: sha1-8xwiIlqWMtK7+OSt2+8kCqdlph8=
  /lodash.isplainobject/4.0.6:
    dev: false
    resolution:
      integrity: sha1-fFJqUtibRcRcxpC4gWO+BJf1UMs=
  /lodash.union/4.6.0:
    dev: false
    resolution:
      integrity: sha1-SLtQiECfFvGCFmZkHETdGqrjzYg=
  /lodash/4.17.20:
    dev: false
    resolution:
      integrity: sha512-PlhdFcillOINfeV7Ni6oF1TAEayyZBoZ8bcshTHqOYJYlrqzRK5hagpagky5o4HfCzzd1TRkXPMFq6cKk9rGmA==
  /minimatch/3.0.4:
    dependencies:
      brace-expansion: 1.1.11
    dev: false
    resolution:
      integrity: sha512-yJHVQEhyqPLUTgt9B83PXu6W3rx4MvvHvSUvToogpwoGDOUQ+yDrR0HRot+yOCdCO7u4hX3pWft6kWBBcqh0UA==
  /normalize-path/3.0.0:
    dev: false
    engines:
      node: '>=0.10.0'
    resolution:
      integrity: sha512-6eZs5Ls3WtCisHWp9S2GUy8dqkpGi4BVSz3GaqiE6ezub0512ESztXUwUB6C6IKbQkY2Pnb/mD4WYojCRwcwLA==
  /once/1.4.0:
    dependencies:
      wrappy: 1.0.2
    dev: false
    resolution:
      integrity: sha1-WDsap3WWHUsROsF9nFC6753Xa9E=
  /path-is-absolute/1.0.1:
    dev: false
    engines:
      node: '>=0.10.0'
    resolution:
      integrity: sha1-F0uSaHNVNP+8es5r9TpanhtcX18=
  /process-nextick-args/2.0.1:
    dev: false
    resolution:
      integrity: sha512-3ouUOpQhtgrbOa17J7+uxOTpITYWaGP7/AhoR3+A+/1e9skrzelGi/dXzEYyvbxubEF6Wn2ypscTKiKJFFn1ag==
  /readable-stream/2.3.7:
    dependencies:
      core-util-is: 1.0.2
      inherits: 2.0.4
      isarray: 1.0.0
      process-nextick-args: 2.0.1
      safe-buffer: 5.1.2
      string_decoder: 1.1.1
      util-deprecate: 1.0.2
    dev: false
    resolution:
      integrity: sha512-Ebho8K4jIbHAxnuxi7o42OrZgF/ZTNcsZj6nRKyUmkhLFq8CHItp/fy6hQZuZmP/n3yZ9VBUbp4zz/mX8hmYPw==
  /readable-stream/3.6.0:
    dependencies:
      inherits: 2.0.4
      string_decoder: 1.3.0
      util-deprecate: 1.0.2
    dev: false
    engines:
      node: '>= 6'
    resolution:
      integrity: sha512-BViHy7LKeTz4oNnkcLJ+lVSL6vpiFeX6/d3oSH8zCW7UxP2onchk+vTGB143xuFjHS3deTgkKoXXymXqymiIdA==
  /safe-buffer/5.1.2:
    dev: false
    resolution:
      integrity: sha512-Gd2UZBJDkXlY7GbJxfsE8/nvKkUEU1G38c1siN6QP6a9PT9MmHB8GnpscSmMJSoF8LOIrt8ud/wPtojys4G6+g==
  /safe-buffer/5.2.1:
    dev: false
    resolution:
      integrity: sha512-rp3So07KcdmmKbGvgaNxQSJr7bGVSVk5S9Eq1F+ppbRo70+YeaDxkw5Dd8NPN+GD6bjnYm2VuPuCXmpuYvmCXQ==
  /string_decoder/1.1.1:
    dependencies:
      safe-buffer: 5.1.2
    dev: false
    resolution:
      integrity: sha512-n/ShnvDi6FHbbVfviro+WojiFzv+s8MPMHBczVePfUpDJLwoLT0ht1l4YwBCbi8pJAveEEdnkHyPyTP/mzRfwg==
  /string_decoder/1.3.0:
    dependencies:
      safe-buffer: 5.2.1
    dev: false
    resolution:
      integrity: sha512-hkRX8U1WjJFd8LsDJ2yQ/wWWxaopEsABU1XfkM8A+j0+85JAGppt16cr1Whg6KIbb4okU6Mql6BOj+uup/wKeA==
  /tar-stream/2.2.0:
    dependencies:
      bl: 4.1.0
      end-of-stream: 1.4.4
      fs-constants: 1.0.0
      inherits: 2.0.4
      readable-stream: 3.6.0
    dev: false
    engines:
      node: '>=6'
    resolution:
      integrity: sha512-ujeqbceABgwMZxEJnk2HDY2DlnUZ+9oEcb1KzTVfYHio0UE6dG71n60d8D2I4qNvleWrrXpmjpt7vZeF1LnMZQ==
  /util-deprecate/1.0.2:
    dev: false
    resolution:
      integrity: sha1-RQ1Nyfpw3nMnYvvS1KKJgUGaDM8=
  /web-ext-types/3.2.1:
    dev: true
    resolution:
      integrity: sha512-oQZYDU3W8X867h8Jmt3129kRVKklz70db40Y6OzoTTuzOJpF/dB2KULJUf0txVPyUUXuyzV8GmT3nVvRHoG+Ew==
  /webext-additional-permissions/2.0.1:
    dependencies:
      '@types/chrome': 0.0.128
    dev: false
    resolution:
      integrity: sha512-K8OmXiE9QTPUVI6XKyMmV3FY8s+6DENxvRg40fzo64Mh2Kb3q+ZUPx73mnGeIiA5hfmstXdwGXULEdVD1IEYSw==
  /webext-dynamic-content-scripts/7.1.0:
    dependencies:
      content-scripts-register-polyfill: 2.1.0
      webext-additional-permissions: 2.0.1
    dev: false
    resolution:
      integrity: sha512-14SrnlHDKowO3ja5CtLk3lzqXmmgKs5qz6GvjOYNssNFE9/6xhLj9gSSIGOFanIXUzbmJPSTXuE134ap2ZLDLQ==
  /webext-patterns/1.0.0:
    dev: false
    resolution:
      integrity: sha512-7LU6UtRt9Nql2+EHJX75ohfXR5ZR09Z9GrXWxi0TdAGt19WVOClUiwXlFa4tvhgfEPFDoSx8svd7aie3A+RC5w==
  /webext-polyfill-kinda/0.0.2:
    dev: false
    resolution:
      integrity: sha512-Kecc1rDvsQtZJgnIAsMOQBj0WAL6v9Em42AW5EHcoute7z50lUQ2tXUfTyiydOauaT8VYK0tHYZlMWo7mlBM8g==
  /wrappy/1.0.2:
    dev: false
    resolution:
      integrity: sha1-tSQ9jz7BqjXxNkYFvA0QNuMKtp8=
  /zip-stream/2.1.3:
    dependencies:
      archiver-utils: 2.1.0
      compress-commons: 2.1.1
      readable-stream: 3.6.0
    dev: false
    engines:
      node: '>= 6'
    resolution:
      integrity: sha512-EkXc2JGcKhO5N5aZ7TmuNo45budRaFGHOmz24wtJR7znbNqDPmdZtUauKX6et8KAVseAMBOyWJqEpXcHTBsh7Q==
  /zippack/0.1.0:
    dependencies:
      archiver: 3.1.1
    dev: false
    hasBin: true
    resolution:
      integrity: sha512-zEmBA3Vxi8mRRjsJ+mB/yC5cErAtxQXot7RjBA4vjAKjK5B9RheHspMGJp09oDeRZLtFs2+bcWVNn+LFD8Kdjw==
specifiers:
  esbuild: ^0.8.44
  lodash-es: ^4.17.20
  web-ext-types: ^3.2.1
  webext-dynamic-content-scripts: ^7.1.0
  zippack: ^0.1.0
